// !$*UTF8*$!
{
	archiveVersion = 1;
	classes = {
	};
	objectVersion = 48;
	objects = {

/* Begin PBXBuildFile section */
		1F6ADB6920676210005492BA /* AppDelegate.swift in Sources */ = {isa = PBXBuildFile; fileRef = 1F6ADB6820676210005492BA /* AppDelegate.swift */; };
		1F6ADB6B20676210005492BA /* ViewController.swift in Sources */ = {isa = PBXBuildFile; fileRef = 1F6ADB6A20676210005492BA /* ViewController.swift */; };
		1F6ADB6E20676210005492BA /* Main.storyboard in Resources */ = {isa = PBXBuildFile; fileRef = 1F6ADB6C20676210005492BA /* Main.storyboard */; settings = {ASSET_TAGS = (1, ); }; };
		1F6ADB7120676210005492BA /* testAbhay.xcdatamodeld in Sources */ = {isa = PBXBuildFile; fileRef = 1F6ADB6F20676210005492BA /* testAbhay.xcdatamodeld */; };
		1F6ADB7320676210005492BA /* Assets.xcassets in Resources */ = {isa = PBXBuildFile; fileRef = 1F6ADB7220676210005492BA /* Assets.xcassets */; };
		1F6ADB7620676210005492BA /* LaunchScreen.storyboard in Resources */ = {isa = PBXBuildFile; fileRef = 1F6ADB7420676210005492BA /* LaunchScreen.storyboard */; };
		1F6ADB7E2067A17F005492BA /* DetailViewController.swift in Sources */ = {isa = PBXBuildFile; fileRef = 1F6ADB7D2067A17F005492BA /* DetailViewController.swift */; };
/* End PBXBuildFile section */

/* Begin PBXFileReference section */
		1F6ADB6520676210005492BA /* testAbhay.app */ = {isa = PBXFileReference; explicitFileType = wrapper.application; includeInIndex = 0; path = testAbhay.app; sourceTree = BUILT_PRODUCTS_DIR; };
		1F6ADB6820676210005492BA /* AppDelegate.swift */ = {isa = PBXFileReference; lastKnownFileType = sourcecode.swift; path = AppDelegate.swift; sourceTree = "<group>"; };
		1F6ADB6A20676210005492BA /* ViewController.swift */ = {isa = PBXFileReference; lastKnownFileType = sourcecode.swift; path = ViewController.swift; sourceTree = "<group>"; };
		1F6ADB6D20676210005492BA /* Base */ = {isa = PBXFileReference; lastKnownFileType = file.storyboard; name = Base; path = Base.lproj/Main.storyboard; sourceTree = "<group>"; };
		1F6ADB7020676210005492BA /* testAbhay.xcdatamodel */ = {isa = PBXFileReference; lastKnownFileType = wrapper.xcdatamodel; path = testAbhay.xcdatamodel; sourceTree = "<group>"; };
		1F6ADB7220676210005492BA /* Assets.xcassets */ = {isa = PBXFileReference; lastKnownFileType = folder.assetcatalog; path = Assets.xcassets; sourceTree = "<group>"; };
		1F6ADB7520676210005492BA /* Base */ = {isa = PBXFileReference; lastKnownFileType = file.storyboard; name = Base; path = Base.lproj/LaunchScreen.storyboard; sourceTree = "<group>"; };
		1F6ADB7720676210005492BA /* Info.plist */ = {isa = PBXFileReference; lastKnownFileType = text.plist.xml; path = Info.plist; sourceTree = "<group>"; };
		1F6ADB7D2067A17F005492BA /* DetailViewController.swift */ = {isa = PBXFileReference; lastKnownFileType = sourcecode.swift; path = DetailViewController.swift; sourceTree = "<group>"; };
/* End PBXFileReference section */

/* Begin PBXFrameworksBuildPhase section */
		1F6ADB6220676210005492BA /* Frameworks */ = {
			isa = PBXFrameworksBuildPhase;
			buildActionMask = 2147483647;
			files = (
			);
			runOnlyForDeploymentPostprocessing = 0;
		};
/* End PBXFrameworksBuildPhase section */

/* Begin PBXGroup section */
		1F6ADB5C20676210005492BA = {
			isa = PBXGroup;
			children = (
				1F6ADB6720676210005492BA /* testAbhay */,
				1F6ADB6620676210005492BA /* Products */,
			);
			sourceTree = "<group>";
		};
		1F6ADB6620676210005492BA /* Products */ = {
			isa = PBXGroup;
			children = (
				1F6ADB6520676210005492BA /* testAbhay.app */,
			);
			name = Products;
			sourceTree = "<group>";
		};
		1F6ADB6720676210005492BA /* testAbhay */ = {
			isa = PBXGroup;
			children = (
				1F6ADB6820676210005492BA /* AppDelegate.swift */,
				1F6ADB6A20676210005492BA /* ViewController.swift */,
				1F6ADB6C20676210005492BA /* Main.storyboard */,
				1F6ADB7D2067A17F005492BA /* DetailViewController.swift */,
				1F6ADB7220676210005492BA /* Assets.xcassets */,
				1F6ADB7420676210005492BA /* LaunchScreen.storyboard */,
				1F6ADB7720676210005492BA /* Info.plist */,
				1F6ADB6F20676210005492BA /* testAbhay.xcdatamodeld */,
			);
			path = testAbhay;
			sourceTree = "<group>";
		};
/* End PBXGroup section */

/* Begin PBXNativeTarget section */
		1F6ADB6420676210005492BA /* testAbhay */ = {
			isa = PBXNativeTarget;
			buildConfigurationList = 1F6ADB7A20676210005492BA /* Build configuration list for PBXNativeTarget "testAbhay" */;
			buildPhases = (
				1F6ADB6120676210005492BA /* Sources */,
				1F6ADB6220676210005492BA /* Frameworks */,
				1F6ADB6320676210005492BA /* Resources */,
			);
			buildRules = (
			);
			dependencies = (
			);
			name = testAbhay;
			productName = testAbhay;
			productReference = 1F6ADB6520676210005492BA /* testAbhay.app */;
			productType = "com.apple.product-type.application";
		};
/* End PBXNativeTarget section */

/* Begin PBXProject section */
		1F6ADB5D20676210005492BA /* Project object */ = {
			isa = PBXProject;
			attributes = {
				KnownAssetTags = (
					1,
				);
				LastSwiftUpdateCheck = 0920;
				LastUpgradeCheck = 0920;
				ORGANIZATIONNAME = "Abhay Raj";
				TargetAttributes = {
					1F6ADB6420676210005492BA = {
						CreatedOnToolsVersion = 9.2;
						ProvisioningStyle = Automatic;
					};
				};
			};
			buildConfigurationList = 1F6ADB6020676210005492BA /* Build configuration list for PBXProject "testAbhay" */;
			compatibilityVersion = "Xcode 8.0";
			developmentRegion = en;
			hasScannedForEncodings = 0;
			knownRegions = (
				en,
				Base,
			);
			mainGroup = 1F6ADB5C20676210005492BA;
			productRefGroup = 1F6ADB6620676210005492BA /* Products */;
			projectDirPath = "";
			projectRoot = "";
			targets = (
				1F6ADB6420676210005492BA /* testAbhay */,
			);
		};
/* End PBXProject section */

/* Begin PBXResourcesBuildPhase section */
		1F6ADB6320676210005492BA /* Resources */ = {
			isa = PBXResourcesBuildPhase;
			buildActionMask = 2147483647;
			files = (
				1F6ADB7620676210005492BA /* LaunchScreen.storyboard in Resources */,
				1F6ADB7320676210005492BA /* Assets.xcassets in Resources */,
				1F6ADB6E20676210005492BA /* Main.storyboard in Resources */,
			);
			runOnlyForDeploymentPostprocessing = 0;
		};
/* End PBXResourcesBuildPhase section */

/* Begin PBXSourcesBuildPhase section */
		1F6ADB6120676210005492BA /* Sources */ = {
			isa = PBXSourcesBuildPhase;
			buildActionMask = 2147483647;
			files = (
				1F6ADB6B20676210005492BA /* ViewController.swift in Sources */,
				1F6ADB6920676210005492BA /* AppDelegate.swift in Sources */,
				1F6ADB7120676210005492BA /* testAbhay.xcdatamodeld in Sources */,
				1F6ADB7E2067A17F005492BA /* DetailViewController.swift in Sources */,
			);
			runOnlyForDeploymentPostprocessing = 0;
		};
/* End PBXSourcesBuildPhase section */

/* Begin PBXVariantGroup section */
		1F6ADB6C20676210005492BA /* Main.storyboard */ = {
			isa = PBXVariantGroup;
			children = (
				1F6ADB6D20676210005492BA /* Base */,
			);
			name = Main.storyboard;
			sourceTree = "<group>";
		};
		1F6ADB7420676210005492BA /* LaunchScreen.storyboard */ = {
			isa = PBXVariantGroup;
			children = (
				1F6ADB7520676210005492BA /* Base */,
			);
			name = LaunchScreen.storyboard;
			sourceTree = "<group>";
		};
/* End PBXVariantGroup section */

/* Begin XCBuildConfiguration section */
		1F6ADB7820676210005492BA /* Debug */ = {
			isa = XCBuildConfiguration;
			buildSettings = {
				ALWAYS_SEARCH_USER_PATHS = NO;
				CLANG_ANALYZER_NONNULL = YES;
				CLANG_ANALYZER_NUMBER_OBJECT_CONVERSION = YES_AGGRESSIVE;
				CLANG_CXX_LANGUAGE_STANDARD = "gnu++14";
				CLANG_CXX_LIBRARY = "libc++";
				CLANG_ENABLE_MODULES = YES;
				CLANG_ENABLE_OBJC_ARC = YES;
				CLANG_WARN_BLOCK_CAPTURE_AUTORELEASING = YES;
				CLANG_WARN_BOOL_CONVERSION = YES;
				CLANG_WARN_COMMA = YES;
				CLANG_WARN_CONSTANT_CONVERSION = YES;
				CLANG_WARN_DIRECT_OBJC_ISA_USAGE = YES_ERROR;
				CLANG_WARN_DOCUMENTATION_COMMENTS = YES;
				CLANG_WARN_EMPTY_BODY = YES;
				CLANG_WARN_ENUM_CONVERSION = YES;
				CLANG_WARN_INFINITE_RECURSION = YES;
				CLANG_WARN_INT_CONVERSION = YES;
				CLANG_WARN_NON_LITERAL_NULL_CONVERSION = YES;
				CLANG_WARN_OBJC_LITERAL_CONVERSION = YES;
				CLANG_WARN_OBJC_ROOT_CLASS = YES_ERROR;
				CLANG_WARN_RANGE_LOOP_ANALYSIS = YES;
				CLANG_WARN_STRICT_PROTOTYPES = YES;
				CLANG_WARN_SUSPICIOUS_MOVE = YES;
				CLANG_WARN_UNGUARDED_AVAILABILITY = YES_AGGRESSIVE;
				CLANG_WARN_UNREACHABLE_CODE = YES;
				CLANG_WARN__DUPLICATE_METHOD_MATCH = YES;
				CODE_SIGN_IDENTITY = "iPhone Developer";
				COPY_PHASE_STRIP = NO;
				DEBUG_INFORMATION_FORMAT = dwarf;
				ENABLE_STRICT_OBJC_MSGSEND = YES;
				ENABLE_TESTABILITY = YES;
				GCC_C_LANGUAGE_STANDARD = gnu11;
				GCC_DYNAMIC_NO_PIC = NO;
				GCC_NO_COMMON_BLOCKS = YES;
				GCC_OPTIMIZATION_LEVEL = 0;
				GCC_PREPROCESSOR_DEFINITIONS = (
					"DEBUG=1",
					"$(inherited)",
				);
				GCC_WARN_64_TO_32_BIT_CONVERSION = YES;
				GCC_WARN_ABOUT_RETURN_TYPE = YES_ERROR;
				GCC_WARN_UNDECLARED_SELECTOR = YES;
				GCC_WARN_UNINITIALIZED_AUTOS = YES_AGGRESSIVE;
				GCC_WARN_UNUSED_FUNCTION = YES;
				GCC_WARN_UNUSED_VARIABLE = YES;
				IPHONEOS_DEPLOYMENT_TARGET = 11.2;
				MTL_ENABLE_DEBUG_INFO = YES;
				ONLY_ACTIVE_ARCH = YES;
				SDKROOT = iphoneos;
				SWIFT_ACTIVE_COMPILATION_CONDITIONS = DEBUG;
				SWIFT_OPTIMIZATION_LEVEL = "-Onone";
			};
			name = Debug;
		};
		1F6ADB7920676210005492BA /* Release */ = {
			isa = XCBuildConfiguration;
			buildSettings = {
				ALWAYS_SEARCH_USER_PATHS = NO;
				CLANG_ANALYZER_NONNULL = YES;
				CLANG_ANALYZER_NUMBER_OBJECT_CONVERSION = YES_AGGRESSIVE;
				CLANG_CXX_LANGUAGE_STANDARD = "gnu++14";
				CLANG_CXX_LIBRARY = "libc++";
				CLANG_ENABLE_MODULES = YES;
				CLANG_ENABLE_OBJC_ARC = YES;
				CLANG_WARN_BLOCK_CAPTURE_AUTORELEASING = YES;
				CLANG_WARN_BOOL_CONVERSION = YES;
				CLANG_WARN_COMMA = YES;
				CLANG_WARN_CONSTANT_CONVERSION = YES;
				CLANG_WARN_DIRECT_OBJC_ISA_USAGE = YES_ERROR;
				CLANG_WARN_DOCUMENTATION_COMMENTS = YES;
				CLANG_WARN_EMPTY_BODY = YES;
				CLANG_WARN_ENUM_CONVERSION = YES;
				CLANG_WARN_INFINITE_RECURSION = YES;
				CLANG_WARN_INT_CONVERSION = YES;
				CLANG_WARN_NON_LITERAL_NULL_CONVERSION = YES;
				CLANG_WARN_OBJC_LITERAL_CONVERSION = YES;
				CLANG_WARN_OBJC_ROOT_CLASS = YES_ERROR;
				CLANG_WARN_RANGE_LOOP_ANALYSIS = YES;
				CLANG_WARN_STRICT_PROTOTYPES = YES;
				CLANG_WARN_SUSPICIOUS_MOVE = YES;
				CLANG_WARN_UNGUARDED_AVAILABILITY = YES_AGGRESSIVE;
				CLANG_WARN_UNREACHABLE_CODE = YES;
				CLANG_WARN__DUPLICATE_METHOD_MATCH = YES;
				CODE_SIGN_IDENTITY = "iPhone Developer";
				COPY_PHASE_STRIP = NO;
				DEBUG_INFORMATION_FORMAT = "dwarf-with-dsym";
				ENABLE_NS_ASSERTIONS = NO;
				ENABLE_STRICT_OBJC_MSGSEND = YES;
				GCC_C_LANGUAGE_STANDARD = gnu11;
				GCC_NO_COMMON_BLOCKS = YES;
				GCC_WARN_64_TO_32_BIT_CONVERSION = YES;
				GCC_WARN_ABOUT_RETURN_TYPE = YES_ERROR;
				GCC_WARN_UNDECLARED_SELECTOR = YES;
				GCC_WARN_UNINITIALIZED_AUTOS = YES_AGGRESSIVE;
				GCC_WARN_UNUSED_FUNCTION = YES;
				GCC_WARN_UNUSED_VARIABLE = YES;
				IPHONEOS_DEPLOYMENT_TARGET = 11.2;
				MTL_ENABLE_DEBUG_INFO = NO;
				SDKROOT = iphoneos;
				SWIFT_OPTIMIZATION_LEVEL = "-Owholemodule";
				VALIDATE_PRODUCT = YES;
			};
			name = Release;
		};
		1F6ADB7B20676211005492BA /* Debug */ = {
			isa = XCBuildConfiguration;
			buildSettings = {
				ASSETCATALOG_COMPILER_APPICON_NAME = AppIcon;
				CODE_SIGN_STYLE = Automatic;
				INFOPLIST_FILE = testAbhay/Info.plist;
				LD_RUNPATH_SEARCH_PATHS = "$(inherited) @executable_path/Frameworks";
				PRODUCT_BUNDLE_IDENTIFIER = com.testAbhay;
				PRODUCT_NAME = "$(TARGET_NAME)";
				SWIFT_VERSION = 4.0;
				TARGETED_DEVICE_FAMILY = "1,2";
			};
			name = Debug;
		};
		1F6ADB7C20676211005492BA /* Release */ = {
			isa = XCBuildConfiguration;
			buildSettings = {
				ASSETCATALOG_COMPILER_APPICON_NAME = AppIcon;
				CODE_SIGN_STYLE = Automatic;
				INFOPLIST_FILE = testAbhay/Info.plist;
				LD_RUNPATH_SEARCH_PATHS = "$(inherited) @executable_path/Frameworks";
				PRODUCT_BUNDLE_IDENTIFIER = com.testAbhay;
				PRODUCT_NAME = "$(TARGET_NAME)";
				SWIFT_VERSION = 4.0;
				TARGETED_DEVICE_FAMILY = "1,2";
			};
			name = Release;
		};
/* End XCBuildConfiguration section */

/* Begin XCConfigurationList section */
		1F6ADB6020676210005492BA /* Build configuration list for PBXProject "testAbhay" */ = {
			isa = XCConfigurationList;
			buildConfigurations = (
				1F6ADB7820676210005492BA /* Debug */,
				1F6ADB7920676210005492BA /* Release */,
			);
			defaultConfigurationIsVisible = 0;
			defaultConfigurationName = Release;
		};
		1F6ADB7A20676210005492BA /* Build configuration list for PBXNativeTarget "testAbhay" */ = {
			isa = XCConfigurationList;
			buildConfigurations = (
				1F6ADB7B20676211005492BA /* Debug */,
				1F6ADB7C20676211005492BA /* Release */,
			);
			defaultConfigurationIsVisible = 0;
			defaultConfigurationName = Release;
		};
/* End XCConfigurationList section */

/* Begin XCVersionGroup section */
		1F6ADB6F20676210005492BA /* testAbhay.xcdatamodeld */ = {
			isa = XCVersionGroup;
			children = (
				1F6ADB7020676210005492BA /* testAbhay.xcdatamodel */,
			);
			currentVersion = 1F6ADB7020676210005492BA /* testAbhay.xcdatamodel */;
			path = testAbhay.xcdatamodeld;
			sourceTree = "<group>";
			versionGroupType = wrapper.xcdatamodel;
		};
/* End XCVersionGroup section */
	};
	rootObject = 1F6ADB5D20676210005492BA /* Project object */;
}
